
Microsoft Visual Studio Solution File, Format Version 12.00
# Visual Studio Version 16
VisualStudioVersion = 16.0.31624.102
MinimumVisualStudioVersion = 10.0.40219.1
Project("{FAE04EC0-301F-11D3-BF4B-00C04F79EFBC}") = "program1", "program1\program1.csproj", "{EAB5B5F3-AC66-4F1F-906C-CF2F1F3C3688}"
EndProject
Global
	GlobalSection(SolutionConfigurationPlatforms) = preSolution
		Debug|Any CPU = Debug|Any CPU
		Release|Any CPU = Release|Any CPU
	EndGlobalSection
	GlobalSection(ProjectConfigurationPlatforms) = postSolution
		{EAB5B5F3-AC66-4F1F-906C-CF2F1F3C3688}.Debug|Any CPU.ActiveCfg = Debug|Any CPU
		{EAB5B5F3-AC66-4F1F-906C-CF2F1F3C3688}.Debug|Any CPU.Build.0 = Debug|Any CPU
		{EAB5B5F3-AC66-4F1F-906C-CF2F1F3C3688}.Release|Any CPU.ActiveCfg = Release|Any CPU
		{EAB5B5F3-AC66-4F1F-906C-CF2F1F3C3688}.Release|Any CPU.Build.0 = Release|Any CPU
	EndGlobalSection
	GlobalSection(SolutionProperties) = preSolution
		HideSolutionNode = FALSE
	EndGlobalSection
	GlobalSection(ExtensibilityGlobals) = postSolution
		SolutionGuid = {20507D57-5896-4DF8-A2CF-7AB6E3B50943}
	EndGlobalSection
EndGlobal
